// !$*UTF8*$!
{
	archiveVersion = 1;
	classes = {
	};
	objectVersion = 50;
	objects = {

/* Begin PBXBuildFile section */
		26826B62212BDF5E006D4BDB /* AppDelegate.swift in Sources */ = {isa = PBXBuildFile; fileRef = 26826B61212BDF5E006D4BDB /* AppDelegate.swift */; };
		26826B64212BDF5E006D4BDB /* TodoListVIewController.swift in Sources */ = {isa = PBXBuildFile; fileRef = 26826B63212BDF5E006D4BDB /* TodoListVIewController.swift */; };
		26826B67212BDF5E006D4BDB /* Main.storyboard in Resources */ = {isa = PBXBuildFile; fileRef = 26826B65212BDF5E006D4BDB /* Main.storyboard */; };
		26826B69212BDF60006D4BDB /* Assets.xcassets in Resources */ = {isa = PBXBuildFile; fileRef = 26826B68212BDF60006D4BDB /* Assets.xcassets */; };
		26826B6C212BDF60006D4BDB /* LaunchScreen.storyboard in Resources */ = {isa = PBXBuildFile; fileRef = 26826B6A212BDF60006D4BDB /* LaunchScreen.storyboard */; };
/* End PBXBuildFile section */

/* Begin PBXFileReference section */
		26826B5E212BDF5E006D4BDB /* listview.app */ = {isa = PBXFileReference; explicitFileType = wrapper.application; includeInIndex = 0; path = listview.app; sourceTree = BUILT_PRODUCTS_DIR; };
		26826B61212BDF5E006D4BDB /* AppDelegate.swift */ = {isa = PBXFileReference; lastKnownFileType = sourcecode.swift; path = AppDelegate.swift; sourceTree = "<group>"; };
		26826B63212BDF5E006D4BDB /* TodoListVIewController.swift */ = {isa = PBXFileReference; lastKnownFileType = sourcecode.swift; path = TodoListVIewController.swift; sourceTree = "<group>"; };
		26826B66212BDF5E006D4BDB /* Base */ = {isa = PBXFileReference; lastKnownFileType = file.storyboard; name = Base; path = Base.lproj/Main.storyboard; sourceTree = "<group>"; };
		26826B68212BDF60006D4BDB /* Assets.xcassets */ = {isa = PBXFileReference; lastKnownFileType = folder.assetcatalog; path = Assets.xcassets; sourceTree = "<group>"; };
		26826B6B212BDF60006D4BDB /* Base */ = {isa = PBXFileReference; lastKnownFileType = file.storyboard; name = Base; path = Base.lproj/LaunchScreen.storyboard; sourceTree = "<group>"; };
		26826B6D212BDF60006D4BDB /* Info.plist */ = {isa = PBXFileReference; lastKnownFileType = text.plist.xml; path = Info.plist; sourceTree = "<group>"; };
/* End PBXFileReference section */

/* Begin PBXFrameworksBuildPhase section */
		26826B5B212BDF5E006D4BDB /* Frameworks */ = {
			isa = PBXFrameworksBuildPhase;
			buildActionMask = 2147483647;
			files = (
			);
			runOnlyForDeploymentPostprocessing = 0;
		};
/* End PBXFrameworksBuildPhase section */

/* Begin PBXGroup section */
		26826B55212BDF5E006D4BDB = {
			isa = PBXGroup;
			children = (
				26826B60212BDF5E006D4BDB /* listview */,
				26826B5F212BDF5E006D4BDB /* Products */,
			);
			sourceTree = "<group>";
		};
		26826B5F212BDF5E006D4BDB /* Products */ = {
			isa = PBXGroup;
			children = (
				26826B5E212BDF5E006D4BDB /* listview.app */,
			);
			name = Products;
			sourceTree = "<group>";
		};
		26826B60212BDF5E006D4BDB /* listview */ = {
			isa = PBXGroup;
			children = (
				26826B61212BDF5E006D4BDB /* AppDelegate.swift */,
				26826B63212BDF5E006D4BDB /* TodoListVIewController.swift */,
				26826B65212BDF5E006D4BDB /* Main.storyboard */,
				26826B68212BDF60006D4BDB /* Assets.xcassets */,
				26826B6A212BDF60006D4BDB /* LaunchScreen.storyboard */,
				26826B6D212BDF60006D4BDB /* Info.plist */,
			);
			path = listview;
			sourceTree = "<group>";
		};
/* End PBXGroup section */

/* Begin PBXNativeTarget section */
		26826B5D212BDF5E006D4BDB /* listview */ = {
			isa = PBXNativeTarget;
			buildConfigurationList = 26826B70212BDF60006D4BDB /* Build configuration list for PBXNativeTarget "listview" */;
			buildPhases = (
				26826B5A212BDF5E006D4BDB /* Sources */,
				26826B5B212BDF5E006D4BDB /* Frameworks */,
				26826B5C212BDF5E006D4BDB /* Resources */,
			);
			buildRules = (
			);
			dependencies = (
			);
			name = listview;
			productName = listview;
			productReference = 26826B5E212BDF5E006D4BDB /* listview.app */;
			productType = "com.apple.product-type.application";
		};
/* End PBXNativeTarget section */

/* Begin PBXProject section */
		26826B56212BDF5E006D4BDB /* Project object */ = {
			isa = PBXProject;
			attributes = {
				LastSwiftUpdateCheck = 0940;
				LastUpgradeCheck = 0940;
				ORGANIZATIONNAME = listview;
				TargetAttributes = {
					26826B5D212BDF5E006D4BDB = {
						CreatedOnToolsVersion = 9.4.1;
					};
				};
			};
			buildConfigurationList = 26826B59212BDF5E006D4BDB /* Build configuration list for PBXProject "listview" */;
			compatibilityVersion = "Xcode 9.3";
			developmentRegion = en;
			hasScannedForEncodings = 0;
			knownRegions = (
				en,
				Base,
			);
			mainGroup = 26826B55212BDF5E006D4BDB;
			productRefGroup = 26826B5F212BDF5E006D4BDB /* Products */;
			projectDirPath = "";
			projectRoot = "";
			targets = (
				26826B5D212BDF5E006D4BDB /* listview */,
			);
		};
/* End PBXProject section */

/* Begin PBXResourcesBuildPhase section */
		26826B5C212BDF5E006D4BDB /* Resources */ = {
			isa = PBXResourcesBuildPhase;
			buildActionMask = 2147483647;
			files = (
				26826B6C212BDF60006D4BDB /* LaunchScreen.storyboard in Resources */,
				26826B69212BDF60006D4BDB /* Assets.xcassets in Resources */,
				26826B67212BDF5E006D4BDB /* Main.storyboard in Resources */,
			);
			runOnlyForDeploymentPostprocessing = 0;
		};
/* End PBXResourcesBuildPhase section */

/* Begin PBXSourcesBuildPhase section */
		26826B5A212BDF5E006D4BDB /* Sources */ = {
			isa = PBXSourcesBuildPhase;
			buildActionMask = 2147483647;
			files = (
				26826B64212BDF5E006D4BDB /* TodoListVIewController.swift in Sources */,
				26826B62212BDF5E006D4BDB /* AppDelegate.swift in Sources */,
			);
			runOnlyForDeploymentPostprocessing = 0;
		};
/* End PBXSourcesBuildPhase section */

/* Begin PBXVariantGroup section */
		26826B65212BDF5E006D4BDB /* Main.storyboard */ = {
			isa = PBXVariantGroup;
			children = (
				26826B66212BDF5E006D4BDB /* Base */,
			);
			name = Main.storyboard;
			sourceTree = "<group>";
		};
		26826B6A212BDF60006D4BDB /* LaunchScreen.storyboard */ = {
			isa = PBXVariantGroup;
			children = (
				26826B6B212BDF60006D4BDB /* Base */,
			);
			name = LaunchScreen.storyboard;
			sourceTree = "<group>";
		};
/* End PBXVariantGroup section */

/* Begin XCBuildConfiguration section */
		26826B6E212BDF60006D4BDB /* Debug */ = {
			isa = XCBuildConfiguration;
			buildSettings = {
				ALWAYS_SEARCH_USER_PATHS = NO;
				CLANG_ANALYZER_NONNULL = YES;
				CLANG_ANALYZER_NUMBER_OBJECT_CONVERSION = YES_AGGRESSIVE;
				CLANG_CXX_LANGUAGE_STANDARD = "gnu++14";
				CLANG_CXX_LIBRARY = "libc++";
				CLANG_ENABLE_MODULES = YES;
				CLANG_ENABLE_OBJC_ARC = YES;
				CLANG_ENABLE_OBJC_WEAK = YES;
				CLANG_WARN_BLOCK_CAPTURE_AUTORELEASING = YES;
				CLANG_WARN_BOOL_CONVERSION = YES;
				CLANG_WARN_COMMA = YES;
				CLANG_WARN_CONSTANT_CONVERSION = YES;
				CLANG_WARN_DEPRECATED_OBJC_IMPLEMENTATIONS = YES;
				CLANG_WARN_DIRECT_OBJC_ISA_USAGE = YES_ERROR;
				CLANG_WARN_DOCUMENTATION_COMMENTS = YES;
				CLANG_WARN_EMPTY_BODY = YES;
				CLANG_WARN_ENUM_CONVERSION = YES;
				CLANG_WARN_INFINITE_RECURSION = YES;
				CLANG_WARN_INT_CONVERSION = YES;
				CLANG_WARN_NON_LITERAL_NULL_CONVERSION = YES;
				CLANG_WARN_OBJC_IMPLICIT_RETAIN_SELF = YES;
				CLANG_WARN_OBJC_LITERAL_CONVERSION = YES;
				CLANG_WARN_OBJC_ROOT_CLASS = YES_ERROR;
				CLANG_WARN_RANGE_LOOP_ANALYSIS = YES;
				CLANG_WARN_STRICT_PROTOTYPES = YES;
				CLANG_WARN_SUSPICIOUS_MOVE = YES;
				CLANG_WARN_UNGUARDED_AVAILABILITY = YES_AGGRESSIVE;
				CLANG_WARN_UNREACHABLE_CODE = YES;
				CLANG_WARN__DUPLICATE_METHOD_MATCH = YES;
				CODE_SIGN_IDENTITY = "iPhone Developer";
				COPY_PHASE_STRIP = NO;
				DEBUG_INFORMATION_FORMAT = dwarf;
				ENABLE_STRICT_OBJC_MSGSEND = YES;
				ENABLE_TESTABILITY = YES;
				GCC_C_LANGUAGE_STANDARD = gnu11;
				GCC_DYNAMIC_NO_PIC = NO;
				GCC_NO_COMMON_BLOCKS = YES;
				GCC_OPTIMIZATION_LEVEL = 0;
				GCC_PREPROCESSOR_DEFINITIONS = (
					"DEBUG=1",
					"$(inherited)",
				);
				GCC_WARN_64_TO_32_BIT_CONVERSION = YES;
				GCC_WARN_ABOUT_RETURN_TYPE = YES_ERROR;
				GCC_WARN_UNDECLARED_SELECTOR = YES;
				GCC_WARN_UNINITIALIZED_AUTOS = YES_AGGRESSIVE;
				GCC_WARN_UNUSED_FUNCTION = YES;
				GCC_WARN_UNUSED_VARIABLE = YES;
				IPHONEOS_DEPLOYMENT_TARGET = 11.4;
				MTL_ENABLE_DEBUG_INFO = YES;
				ONLY_ACTIVE_ARCH = YES;
				SDKROOT = iphoneos;
				SWIFT_ACTIVE_COMPILATION_CONDITIONS = DEBUG;
				SWIFT_OPTIMIZATION_LEVEL = "-Onone";
			};
			name = Debug;
		};
		26826B6F212BDF60006D4BDB /* Release */ = {
			isa = XCBuildConfiguration;
			buildSettings = {
				ALWAYS_SEARCH_USER_PATHS = NO;
				CLANG_ANALYZER_NONNULL = YES;
				CLANG_ANALYZER_NUMBER_OBJECT_CONVERSION = YES_AGGRESSIVE;
				CLANG_CXX_LANGUAGE_STANDARD = "gnu++14";
				CLANG_CXX_LIBRARY = "libc++";
				CLANG_ENABLE_MODULES = YES;
				CLANG_ENABLE_OBJC_ARC = YES;
				CLANG_ENABLE_OBJC_WEAK = YES;
				CLANG_WARN_BLOCK_CAPTURE_AUTORELEASING = YES;
				CLANG_WARN_BOOL_CONVERSION = YES;
				CLANG_WARN_COMMA = YES;
				CLANG_WARN_CONSTANT_CONVERSION = YES;
				CLANG_WARN_DEPRECATED_OBJC_IMPLEMENTATIONS = YES;
				CLANG_WARN_DIRECT_OBJC_ISA_USAGE = YES_ERROR;
				CLANG_WARN_DOCUMENTATION_COMMENTS = YES;
				CLANG_WARN_EMPTY_BODY = YES;
				CLANG_WARN_ENUM_CONVERSION = YES;
				CLANG_WARN_INFINITE_RECURSION = YES;
				CLANG_WARN_INT_CONVERSION = YES;
				CLANG_WARN_NON_LITERAL_NULL_CONVERSION = YES;
				CLANG_WARN_OBJC_IMPLICIT_RETAIN_SELF = YES;
				CLANG_WARN_OBJC_LITERAL_CONVERSION = YES;
				CLANG_WARN_OBJC_ROOT_CLASS = YES_ERROR;
				CLANG_WARN_RANGE_LOOP_ANALYSIS = YES;
				CLANG_WARN_STRICT_PROTOTYPES = YES;
				CLANG_WARN_SUSPICIOUS_MOVE = YES;
				CLANG_WARN_UNGUARDED_AVAILABILITY = YES_AGGRESSIVE;
				CLANG_WARN_UNREACHABLE_CODE = YES;
				CLANG_WARN__DUPLICATE_METHOD_MATCH = YES;
				CODE_SIGN_IDENTITY = "iPhone Developer";
				COPY_PHASE_STRIP = NO;
				DEBUG_INFORMATION_FORMAT = "dwarf-with-dsym";
				ENABLE_NS_ASSERTIONS = NO;
				ENABLE_STRICT_OBJC_MSGSEND = YES;
				GCC_C_LANGUAGE_STANDARD = gnu11;
				GCC_NO_COMMON_BLOCKS = YES;
				GCC_WARN_64_TO_32_BIT_CONVERSION = YES;
				GCC_WARN_ABOUT_RETURN_TYPE = YES_ERROR;
				GCC_WARN_UNDECLARED_SELECTOR = YES;
				GCC_WARN_UNINITIALIZED_AUTOS = YES_AGGRESSIVE;
				GCC_WARN_UNUSED_FUNCTION = YES;
				GCC_WARN_UNUSED_VARIABLE = YES;
				IPHONEOS_DEPLOYMENT_TARGET = 11.4;
				MTL_ENABLE_DEBUG_INFO = NO;
				SDKROOT = iphoneos;
				SWIFT_COMPILATION_MODE = wholemodule;
				SWIFT_OPTIMIZATION_LEVEL = "-O";
				VALIDATE_PRODUCT = YES;
			};
			name = Release;
		};
		26826B71212BDF60006D4BDB /* Debug */ = {
			isa = XCBuildConfiguration;
			buildSettings = {
				ASSETCATALOG_COMPILER_APPICON_NAME = AppIcon;
				CODE_SIGN_STYLE = Automatic;
				INFOPLIST_FILE = listview/Info.plist;
				LD_RUNPATH_SEARCH_PATHS = (
					"$(inherited)",
					"@executable_path/Frameworks",
				);
				PRODUCT_BUNDLE_IDENTIFIER = com.listview.listview;
				PRODUCT_NAME = "$(TARGET_NAME)";
				SWIFT_VERSION = 4.0;
				TARGETED_DEVICE_FAMILY = "1,2";
			};
			name = Debug;
		};
		26826B72212BDF60006D4BDB /* Release */ = {
			isa = XCBuildConfiguration;
			buildSettings = {
				ASSETCATALOG_COMPILER_APPICON_NAME = AppIcon;
				CODE_SIGN_STYLE = Automatic;
				INFOPLIST_FILE = listview/Info.plist;
				LD_RUNPATH_SEARCH_PATHS = (
					"$(inherited)",
					"@executable_path/Frameworks",
				);
				PRODUCT_BUNDLE_IDENTIFIER = com.listview.listview;
				PRODUCT_NAME = "$(TARGET_NAME)";
				SWIFT_VERSION = 4.0;
				TARGETED_DEVICE_FAMILY = "1,2";
			};
			name = Release;
		};
/* End XCBuildConfiguration section */

/* Begin XCConfigurationList section */
		26826B59212BDF5E006D4BDB /* Build configuration list for PBXProject "listview" */ = {
			isa = XCConfigurationList;
			buildConfigurations = (
				26826B6E212BDF60006D4BDB /* Debug */,
				26826B6F212BDF60006D4BDB /* Release */,
			);
			defaultConfigurationIsVisible = 0;
			defaultConfigurationName = Release;
		};
		26826B70212BDF60006D4BDB /* Build configuration list for PBXNativeTarget "listview" */ = {
			isa = XCConfigurationList;
			buildConfigurations = (
				26826B71212BDF60006D4BDB /* Debug */,
				26826B72212BDF60006D4BDB /* Release */,
			);
			defaultConfigurationIsVisible = 0;
			defaultConfigurationName = Release;
		};
/* End XCConfigurationList section */
	};
	rootObject = 26826B56212BDF5E006D4BDB /* Project object */;
}
